
Microsoft Visual Studio Solution File, Format Version 12.00
# Visual Studio Version 17
VisualStudioVersion = 17.5.002.0
MinimumVisualStudioVersion = 10.0.40219.1
Project("{9A19103F-16F7-4668-BE54-9A1E7A4F7556}") = "BookMark.backend", "BookMark.backend.csproj", "{71757B83-3967-4E2E-AB5F-C67CA5987348}"
EndProject
Project("{FAE04EC0-301F-11D3-BF4B-00C04F79EFBC}") = "BookMark.tests", "BookMark.tests\BookMark.tests.csproj", "{BDECB363-F3A2-4D84-A2CD-D745903BE79A}"
EndProject
Global
	GlobalSection(SolutionConfigurationPlatforms) = preSolution
		Debug|Any CPU = Debug|Any CPU
		Release|Any CPU = Release|Any CPU
	EndGlobalSection
	GlobalSection(ProjectConfigurationPlatforms) = postSolution
		{71757B83-3967-4E2E-AB5F-C67CA5987348}.Debug|Any CPU.ActiveCfg = Debug|Any CPU
		{71757B83-3967-4E2E-AB5F-C67CA5987348}.Debug|Any CPU.Build.0 = Debug|Any CPU
		{71757B83-3967-4E2E-AB5F-C67CA5987348}.Release|Any CPU.ActiveCfg = Release|Any CPU
		{71757B83-3967-4E2E-AB5F-C67CA5987348}.Release|Any CPU.Build.0 = Release|Any CPU
		{BDECB363-F3A2-4D84-A2CD-D745903BE79A}.Debug|Any CPU.ActiveCfg = Debug|Any CPU
		{BDECB363-F3A2-4D84-A2CD-D745903BE79A}.Debug|Any CPU.Build.0 = Debug|Any CPU
		{BDECB363-F3A2-4D84-A2CD-D745903BE79A}.Release|Any CPU.ActiveCfg = Release|Any CPU
		{BDECB363-F3A2-4D84-A2CD-D745903BE79A}.Release|Any CPU.Build.0 = Release|Any CPU
	EndGlobalSection
	GlobalSection(SolutionProperties) = preSolution
		HideSolutionNode = FALSE
	EndGlobalSection
	GlobalSection(ExtensibilityGlobals) = postSolution
		SolutionGuid = {40C4CEC6-69FC-42AE-9085-019C826AAF4A}
	EndGlobalSection
EndGlobal
